PODS:
  - Alamofire (4.8.2)
  - CPDAcknowledgements (1.0.0)

DEPENDENCIES:
  - Alamofire
  - CPDAcknowledgements

SPEC REPOS:
  https://github.com/cocoapods/specs.git:
    - Alamofire
    - CPDAcknowledgements

SPEC CHECKSUMS:
  Alamofire: ae5c501addb7afdbb13687d7f2f722c78734c2d3
  CPDAcknowledgements: 6e15e71849ba4ad5e8a17a0bb9d20938ad23bac8

PODFILE CHECKSUM: bb7ed83db42bac4327319c8c7fb3a8fd704d98c3

COCOAPODS: 1.6.1
