PODS:
  - Alamofire (4.8.2)
  - CPDAcknowledgements (1.0.0)

DEPENDENCIES:
  - Alamofire
  - CPDAcknowledgements

SPEC REPOS:
  https://github.com/cocoapods/specs.git:
    - Alamofire
    - CPDAcknowledgements

SPEC CHECKSUMS:
  Alamofire: ae5c501addb7afdbb13687d7f2f722c78734c2d3
  CPDAcknowledgements: 6e15e71849ba4ad5e8a17a0bb9d20938ad23bac8

PODFILE CHECKSUM: 93be0a16b8395edeb721c34c187d72f4275e863f

COCOAPODS: 1.6.1
