PODS:
  - Alamofire (4.8.2)
  - CPDAcknowledgements (1.0.0)

DEPENDENCIES:
  - Alamofire
  - CPDAcknowledgements

SPEC REPOS:
  https://github.com/cocoapods/specs.git:
    - Alamofire
    - CPDAcknowledgements

SPEC CHECKSUMS:
  Alamofire: ae5c501addb7afdbb13687d7f2f722c78734c2d3
  CPDAcknowledgements: 6e15e71849ba4ad5e8a17a0bb9d20938ad23bac8

PODFILE CHECKSUM: a033c8af87a8741d9d553d4f45423f658e8b5c95

COCOAPODS: 1.6.1
