PODS:
  - Alamofire (4.8.2)
  - CPDAcknowledgements (1.0.0)

DEPENDENCIES:
  - Alamofire (from `https://github.com/Alamofire/Alamofire.git`, tag `4.8.2`)
  - CPDAcknowledgements

SPEC REPOS:
  trunk:
    - CPDAcknowledgements

EXTERNAL SOURCES:
  Alamofire:
    :git: https://github.com/Alamofire/Alamofire.git
    :tag: 4.8.2

CHECKOUT OPTIONS:
  Alamofire:
    :git: https://github.com/Alamofire/Alamofire.git
    :tag: 4.8.2

SPEC CHECKSUMS:
  Alamofire: ae5c501addb7afdbb13687d7f2f722c78734c2d3
  CPDAcknowledgements: 6e15e71849ba4ad5e8a17a0bb9d20938ad23bac8

PODFILE CHECKSUM: 510b2adb00afb6eb355a2f628b554a1370e84972

COCOAPODS: 1.8.4
