PODS:
  - CPDAcknowledgements (1.0.0)

DEPENDENCIES:
  - CPDAcknowledgements

SPEC REPOS:
  https://github.com/cocoapods/specs.git:
    - CPDAcknowledgements

SPEC CHECKSUMS:
  CPDAcknowledgements: 6e15e71849ba4ad5e8a17a0bb9d20938ad23bac8

PODFILE CHECKSUM: 60c8db414d14241f0675e337c67b7c1b73b89a73

COCOAPODS: 1.6.1
