PODS:
  - CPDAcknowledgements (1.0.0)

DEPENDENCIES:
  - CPDAcknowledgements

SPEC REPOS:
  https://github.com/cocoapods/specs.git:
    - CPDAcknowledgements

SPEC CHECKSUMS:
  CPDAcknowledgements: 6e15e71849ba4ad5e8a17a0bb9d20938ad23bac8

PODFILE CHECKSUM: 598ed9ea4a87fa4bc416516acc9b4eaec99a63c0

COCOAPODS: 1.6.1
