{
  "pins" : [
    {
      "identity" : "cwlcatchexception",
      "kind" : "remoteSourceControl",
      "location" : "https://github.com/mattgallagher/CwlCatchException.git",
      "state" : {
        "revision" : "7cd2f8cacc4d22f21bc0b2309c3b18acf7957b66",
        "version" : "1.2.0"
      }
    },
    {
      "identity" : "cwlpreconditiontesting",
      "kind" : "remoteSourceControl",
      "location" : "https://github.com/mattgallagher/CwlPreconditionTesting.git",
      "state" : {
        "revision" : "c228db5d2ad1b01ebc84435e823e6cca4e3db98b",
        "version" : "1.2.0"
      }
    },
    {
      "identity" : "nimble",
      "kind" : "remoteSourceControl",
      "location" : "https://github.com/Quick/Nimble.git",
      "state" : {
        "revision" : "b02b00b30b6353632aa4a5fb6124f8147f7140c0",
        "version" : "8.0.5"
      }
    },
    {
      "identity" : "quick",
      "kind" : "remoteSourceControl",
      "location" : "https://github.com/Quick/Quick",
      "state" : {
        "revision" : "33682c2f6230c60614861dfc61df267e11a1602f",
        "version" : "2.2.0"
      }
    }
  ],
  "version" : 2
}
